
Microsoft Visual Studio Solution File, Format Version 12.00
# Visual Studio Version 17
VisualStudioVersion = 17.0.32014.148
MinimumVisualStudioVersion = 10.0.40219.1
Project("{FAE04EC0-301F-11D3-BF4B-00C04F79EFBC}") = "AspNetCoreJwt", "AspNetCoreJwt\AspNetCoreJwt.csproj", "{3098624A-CCFC-44AB-A0FA-843B4447F27C}"
EndProject
Global
	GlobalSection(SolutionConfigurationPlatforms) = preSolution
		Debug|Any CPU = Debug|Any CPU
		Release|Any CPU = Release|Any CPU
	EndGlobalSection
	GlobalSection(ProjectConfigurationPlatforms) = postSolution
		{3098624A-CCFC-44AB-A0FA-843B4447F27C}.Debug|Any CPU.ActiveCfg = Debug|Any CPU
		{3098624A-CCFC-44AB-A0FA-843B4447F27C}.Debug|Any CPU.Build.0 = Debug|Any CPU
		{3098624A-CCFC-44AB-A0FA-843B4447F27C}.Release|Any CPU.ActiveCfg = Release|Any CPU
		{3098624A-CCFC-44AB-A0FA-843B4447F27C}.Release|Any CPU.Build.0 = Release|Any CPU
	EndGlobalSection
	GlobalSection(SolutionProperties) = preSolution
		HideSolutionNode = FALSE
	EndGlobalSection
	GlobalSection(ExtensibilityGlobals) = postSolution
		SolutionGuid = {7DDA38C4-3865-4A68-9D9F-AB5A96DDC92B}
	EndGlobalSection
EndGlobal
